
Microsoft Visual Studio Solution File, Format Version 12.00
# Visual Studio Version 17
VisualStudioVersion = 17.7.34202.233
MinimumVisualStudioVersion = 10.0.40219.1
Project("{9A19103F-16F7-4668-BE54-9A1E7A4F7556}") = "NotTrello", "NotTrello\NotTrello.csproj", "{B4A530A6-1960-42F3-B6EC-071661E51598}"
EndProject
Global
	GlobalSection(SolutionConfigurationPlatforms) = preSolution
		Debug|Any CPU = Debug|Any CPU
		Release|Any CPU = Release|Any CPU
	EndGlobalSection
	GlobalSection(ProjectConfigurationPlatforms) = postSolution
		{B4A530A6-1960-42F3-B6EC-071661E51598}.Debug|Any CPU.ActiveCfg = Debug|Any CPU
		{B4A530A6-1960-42F3-B6EC-071661E51598}.Debug|Any CPU.Build.0 = Debug|Any CPU
		{B4A530A6-1960-42F3-B6EC-071661E51598}.Release|Any CPU.ActiveCfg = Release|Any CPU
		{B4A530A6-1960-42F3-B6EC-071661E51598}.Release|Any CPU.Build.0 = Release|Any CPU
	EndGlobalSection
	GlobalSection(SolutionProperties) = preSolution
		HideSolutionNode = FALSE
	EndGlobalSection
	GlobalSection(ExtensibilityGlobals) = postSolution
		SolutionGuid = {512A4F66-1B51-44AD-961C-EA1F03594512}
	EndGlobalSection
EndGlobal
